// !$*UTF8*$!
{
	archiveVersion = 1;
	classes = {
	};
	objectVersion = 46;
	objects = {

/* Begin PBXBuildFile section */
		45F54A7F1E1F8FAB00C5D36F /* AppDelegate.swift in Sources */ = {isa = PBXBuildFile; fileRef = 45F54A7E1E1F8FAB00C5D36F /* AppDelegate.swift */; };
		45F54A811E1F8FAB00C5D36F /* ViewController.swift in Sources */ = {isa = PBXBuildFile; fileRef = 45F54A801E1F8FAB00C5D36F /* ViewController.swift */; };
		45F54A841E1F8FAB00C5D36F /* Main.storyboard in Resources */ = {isa = PBXBuildFile; fileRef = 45F54A821E1F8FAB00C5D36F /* Main.storyboard */; };
		45F54A871E1F8FAB00C5D36F /* ___Hello_World.xcdatamodeld in Sources */ = {isa = PBXBuildFile; fileRef = 45F54A851E1F8FAB00C5D36F /* ___Hello_World.xcdatamodeld */; };
		45F54A891E1F8FAB00C5D36F /* Assets.xcassets in Resources */ = {isa = PBXBuildFile; fileRef = 45F54A881E1F8FAB00C5D36F /* Assets.xcassets */; };
		45F54A8C1E1F8FAB00C5D36F /* LaunchScreen.storyboard in Resources */ = {isa = PBXBuildFile; fileRef = 45F54A8A1E1F8FAB00C5D36F /* LaunchScreen.storyboard */; };
/* End PBXBuildFile section */

/* Begin PBXFileReference section */
		45F54A7B1E1F8FAB00C5D36F /* 1. Hello World.app */ = {isa = PBXFileReference; explicitFileType = wrapper.application; includeInIndex = 0; path = "1. Hello World.app"; sourceTree = BUILT_PRODUCTS_DIR; };
		45F54A7E1E1F8FAB00C5D36F /* AppDelegate.swift */ = {isa = PBXFileReference; lastKnownFileType = sourcecode.swift; path = AppDelegate.swift; sourceTree = "<group>"; };
		45F54A801E1F8FAB00C5D36F /* ViewController.swift */ = {isa = PBXFileReference; lastKnownFileType = sourcecode.swift; path = ViewController.swift; sourceTree = "<group>"; };
		45F54A831E1F8FAB00C5D36F /* Base */ = {isa = PBXFileReference; lastKnownFileType = file.storyboard; name = Base; path = Base.lproj/Main.storyboard; sourceTree = "<group>"; };
		45F54A861E1F8FAB00C5D36F /* ___Hello_World.xcdatamodel */ = {isa = PBXFileReference; lastKnownFileType = wrapper.xcdatamodel; path = "___Hello_World.xcdatamodel"; sourceTree = "<group>"; };
		45F54A881E1F8FAB00C5D36F /* Assets.xcassets */ = {isa = PBXFileReference; lastKnownFileType = folder.assetcatalog; path = Assets.xcassets; sourceTree = "<group>"; };
		45F54A8B1E1F8FAB00C5D36F /* Base */ = {isa = PBXFileReference; lastKnownFileType = file.storyboard; name = Base; path = Base.lproj/LaunchScreen.storyboard; sourceTree = "<group>"; };
		45F54A8D1E1F8FAB00C5D36F /* Info.plist */ = {isa = PBXFileReference; lastKnownFileType = text.plist.xml; path = Info.plist; sourceTree = "<group>"; };
/* End PBXFileReference section */

/* Begin PBXFrameworksBuildPhase section */
		45F54A781E1F8FAB00C5D36F /* Frameworks */ = {
			isa = PBXFrameworksBuildPhase;
			buildActionMask = 2147483647;
			files = (
			);
			runOnlyForDeploymentPostprocessing = 0;
		};
/* End PBXFrameworksBuildPhase section */

/* Begin PBXGroup section */
		45F54A721E1F8FAB00C5D36F = {
			isa = PBXGroup;
			children = (
				45F54A7D1E1F8FAB00C5D36F /* 1. Hello World */,
				45F54A7C1E1F8FAB00C5D36F /* Products */,
			);
			sourceTree = "<group>";
		};
		45F54A7C1E1F8FAB00C5D36F /* Products */ = {
			isa = PBXGroup;
			children = (
				45F54A7B1E1F8FAB00C5D36F /* 1. Hello World.app */,
			);
			name = Products;
			sourceTree = "<group>";
		};
		45F54A7D1E1F8FAB00C5D36F /* 1. Hello World */ = {
			isa = PBXGroup;
			children = (
				45F54A7E1E1F8FAB00C5D36F /* AppDelegate.swift */,
				45F54A801E1F8FAB00C5D36F /* ViewController.swift */,
				45F54A821E1F8FAB00C5D36F /* Main.storyboard */,
				45F54A881E1F8FAB00C5D36F /* Assets.xcassets */,
				45F54A8A1E1F8FAB00C5D36F /* LaunchScreen.storyboard */,
				45F54A8D1E1F8FAB00C5D36F /* Info.plist */,
				45F54A851E1F8FAB00C5D36F /* ___Hello_World.xcdatamodeld */,
			);
			path = "1. Hello World";
			sourceTree = "<group>";
		};
/* End PBXGroup section */

/* Begin PBXNativeTarget section */
		45F54A7A1E1F8FAB00C5D36F /* 1. Hello World */ = {
			isa = PBXNativeTarget;
			buildConfigurationList = 45F54A901E1F8FAB00C5D36F /* Build configuration list for PBXNativeTarget "1. Hello World" */;
			buildPhases = (
				45F54A771E1F8FAB00C5D36F /* Sources */,
				45F54A781E1F8FAB00C5D36F /* Frameworks */,
				45F54A791E1F8FAB00C5D36F /* Resources */,
			);
			buildRules = (
			);
			dependencies = (
			);
			name = "1. Hello World";
			productName = "1. Hello World";
			productReference = 45F54A7B1E1F8FAB00C5D36F /* 1. Hello World.app */;
			productType = "com.apple.product-type.application";
		};
/* End PBXNativeTarget section */

/* Begin PBXProject section */
		45F54A731E1F8FAB00C5D36F /* Project object */ = {
			isa = PBXProject;
			attributes = {
				LastSwiftUpdateCheck = 0820;
				LastUpgradeCheck = 0820;
				ORGANIZATIONNAME = pl.mateuszblaszczyk;
				TargetAttributes = {
					45F54A7A1E1F8FAB00C5D36F = {
						CreatedOnToolsVersion = 8.2;
						DevelopmentTeam = 3SQ55WM9GF;
						ProvisioningStyle = Automatic;
					};
				};
			};
			buildConfigurationList = 45F54A761E1F8FAB00C5D36F /* Build configuration list for PBXProject "1. Hello World" */;
			compatibilityVersion = "Xcode 3.2";
			developmentRegion = English;
			hasScannedForEncodings = 0;
			knownRegions = (
				en,
				Base,
			);
			mainGroup = 45F54A721E1F8FAB00C5D36F;
			productRefGroup = 45F54A7C1E1F8FAB00C5D36F /* Products */;
			projectDirPath = "";
			projectRoot = "";
			targets = (
				45F54A7A1E1F8FAB00C5D36F /* 1. Hello World */,
			);
		};
/* End PBXProject section */

/* Begin PBXResourcesBuildPhase section */
		45F54A791E1F8FAB00C5D36F /* Resources */ = {
			isa = PBXResourcesBuildPhase;
			buildActionMask = 2147483647;
			files = (
				45F54A8C1E1F8FAB00C5D36F /* LaunchScreen.storyboard in Resources */,
				45F54A891E1F8FAB00C5D36F /* Assets.xcassets in Resources */,
				45F54A841E1F8FAB00C5D36F /* Main.storyboard in Resources */,
			);
			runOnlyForDeploymentPostprocessing = 0;
		};
/* End PBXResourcesBuildPhase section */

/* Begin PBXSourcesBuildPhase section */
		45F54A771E1F8FAB00C5D36F /* Sources */ = {
			isa = PBXSourcesBuildPhase;
			buildActionMask = 2147483647;
			files = (
				45F54A811E1F8FAB00C5D36F /* ViewController.swift in Sources */,
				45F54A7F1E1F8FAB00C5D36F /* AppDelegate.swift in Sources */,
				45F54A871E1F8FAB00C5D36F /* ___Hello_World.xcdatamodeld in Sources */,
			);
			runOnlyForDeploymentPostprocessing = 0;
		};
/* End PBXSourcesBuildPhase section */

/* Begin PBXVariantGroup section */
		45F54A821E1F8FAB00C5D36F /* Main.storyboard */ = {
			isa = PBXVariantGroup;
			children = (
				45F54A831E1F8FAB00C5D36F /* Base */,
			);
			name = Main.storyboard;
			sourceTree = "<group>";
		};
		45F54A8A1E1F8FAB00C5D36F /* LaunchScreen.storyboard */ = {
			isa = PBXVariantGroup;
			children = (
				45F54A8B1E1F8FAB00C5D36F /* Base */,
			);
			name = LaunchScreen.storyboard;
			sourceTree = "<group>";
		};
/* End PBXVariantGroup section */

/* Begin XCBuildConfiguration section */
		45F54A8E1E1F8FAB00C5D36F /* Debug */ = {
			isa = XCBuildConfiguration;
			buildSettings = {
				ALWAYS_SEARCH_USER_PATHS = NO;
				CLANG_ANALYZER_NONNULL = YES;
				CLANG_CXX_LANGUAGE_STANDARD = "gnu++0x";
				CLANG_CXX_LIBRARY = "libc++";
				CLANG_ENABLE_MODULES = YES;
				CLANG_ENABLE_OBJC_ARC = YES;
				CLANG_WARN_BOOL_CONVERSION = YES;
				CLANG_WARN_CONSTANT_CONVERSION = YES;
				CLANG_WARN_DIRECT_OBJC_ISA_USAGE = YES_ERROR;
				CLANG_WARN_DOCUMENTATION_COMMENTS = YES;
				CLANG_WARN_EMPTY_BODY = YES;
				CLANG_WARN_ENUM_CONVERSION = YES;
				CLANG_WARN_INFINITE_RECURSION = YES;
				CLANG_WARN_INT_CONVERSION = YES;
				CLANG_WARN_OBJC_ROOT_CLASS = YES_ERROR;
				CLANG_WARN_SUSPICIOUS_MOVE = YES;
				CLANG_WARN_UNREACHABLE_CODE = YES;
				CLANG_WARN__DUPLICATE_METHOD_MATCH = YES;
				"CODE_SIGN_IDENTITY[sdk=iphoneos*]" = "iPhone Developer";
				COPY_PHASE_STRIP = NO;
				DEBUG_INFORMATION_FORMAT = dwarf;
				ENABLE_STRICT_OBJC_MSGSEND = YES;
				ENABLE_TESTABILITY = YES;
				GCC_C_LANGUAGE_STANDARD = gnu99;
				GCC_DYNAMIC_NO_PIC = NO;
				GCC_NO_COMMON_BLOCKS = YES;
				GCC_OPTIMIZATION_LEVEL = 0;
				GCC_PREPROCESSOR_DEFINITIONS = (
					"DEBUG=1",
					"$(inherited)",
				);
				GCC_WARN_64_TO_32_BIT_CONVERSION = YES;
				GCC_WARN_ABOUT_RETURN_TYPE = YES_ERROR;
				GCC_WARN_UNDECLARED_SELECTOR = YES;
				GCC_WARN_UNINITIALIZED_AUTOS = YES_AGGRESSIVE;
				GCC_WARN_UNUSED_FUNCTION = YES;
				GCC_WARN_UNUSED_VARIABLE = YES;
				IPHONEOS_DEPLOYMENT_TARGET = 10.2;
				MTL_ENABLE_DEBUG_INFO = YES;
				ONLY_ACTIVE_ARCH = YES;
				SDKROOT = iphoneos;
				SWIFT_ACTIVE_COMPILATION_CONDITIONS = DEBUG;
				SWIFT_OPTIMIZATION_LEVEL = "-Onone";
				TARGETED_DEVICE_FAMILY = "1,2";
			};
			name = Debug;
		};
		45F54A8F1E1F8FAB00C5D36F /* Release */ = {
			isa = XCBuildConfiguration;
			buildSettings = {
				ALWAYS_SEARCH_USER_PATHS = NO;
				CLANG_ANALYZER_NONNULL = YES;
				CLANG_CXX_LANGUAGE_STANDARD = "gnu++0x";
				CLANG_CXX_LIBRARY = "libc++";
				CLANG_ENABLE_MODULES = YES;
				CLANG_ENABLE_OBJC_ARC = YES;
				CLANG_WARN_BOOL_CONVERSION = YES;
				CLANG_WARN_CONSTANT_CONVERSION = YES;
				CLANG_WARN_DIRECT_OBJC_ISA_USAGE = YES_ERROR;
				CLANG_WARN_DOCUMENTATION_COMMENTS = YES;
				CLANG_WARN_EMPTY_BODY = YES;
				CLANG_WARN_ENUM_CONVERSION = YES;
				CLANG_WARN_INFINITE_RECURSION = YES;
				CLANG_WARN_INT_CONVERSION = YES;
				CLANG_WARN_OBJC_ROOT_CLASS = YES_ERROR;
				CLANG_WARN_SUSPICIOUS_MOVE = YES;
				CLANG_WARN_UNREACHABLE_CODE = YES;
				CLANG_WARN__DUPLICATE_METHOD_MATCH = YES;
				"CODE_SIGN_IDENTITY[sdk=iphoneos*]" = "iPhone Developer";
				COPY_PHASE_STRIP = NO;
				DEBUG_INFORMATION_FORMAT = "dwarf-with-dsym";
				ENABLE_NS_ASSERTIONS = NO;
				ENABLE_STRICT_OBJC_MSGSEND = YES;
				GCC_C_LANGUAGE_STANDARD = gnu99;
				GCC_NO_COMMON_BLOCKS = YES;
				GCC_WARN_64_TO_32_BIT_CONVERSION = YES;
				GCC_WARN_ABOUT_RETURN_TYPE = YES_ERROR;
				GCC_WARN_UNDECLARED_SELECTOR = YES;
				GCC_WARN_UNINITIALIZED_AUTOS = YES_AGGRESSIVE;
				GCC_WARN_UNUSED_FUNCTION = YES;
				GCC_WARN_UNUSED_VARIABLE = YES;
				IPHONEOS_DEPLOYMENT_TARGET = 10.2;
				MTL_ENABLE_DEBUG_INFO = NO;
				SDKROOT = iphoneos;
				SWIFT_OPTIMIZATION_LEVEL = "-Owholemodule";
				TARGETED_DEVICE_FAMILY = "1,2";
				VALIDATE_PRODUCT = YES;
			};
			name = Release;
		};
		45F54A911E1F8FAB00C5D36F /* Debug */ = {
			isa = XCBuildConfiguration;
			buildSettings = {
				ASSETCATALOG_COMPILER_APPICON_NAME = AppIcon;
				DEVELOPMENT_TEAM = 3SQ55WM9GF;
				INFOPLIST_FILE = "1. Hello World/Info.plist";
				LD_RUNPATH_SEARCH_PATHS = "$(inherited) @executable_path/Frameworks";
				PRODUCT_BUNDLE_IDENTIFIER = "pl.mateuszblaszczyk.---Hello-World";
				PRODUCT_NAME = "$(TARGET_NAME)";
				SWIFT_VERSION = 3.0;
			};
			name = Debug;
		};
		45F54A921E1F8FAB00C5D36F /* Release */ = {
			isa = XCBuildConfiguration;
			buildSettings = {
				ASSETCATALOG_COMPILER_APPICON_NAME = AppIcon;
				DEVELOPMENT_TEAM = 3SQ55WM9GF;
				INFOPLIST_FILE = "1. Hello World/Info.plist";
				LD_RUNPATH_SEARCH_PATHS = "$(inherited) @executable_path/Frameworks";
				PRODUCT_BUNDLE_IDENTIFIER = "pl.mateuszblaszczyk.---Hello-World";
				PRODUCT_NAME = "$(TARGET_NAME)";
				SWIFT_VERSION = 3.0;
			};
			name = Release;
		};
/* End XCBuildConfiguration section */

/* Begin XCConfigurationList section */
		45F54A761E1F8FAB00C5D36F /* Build configuration list for PBXProject "1. Hello World" */ = {
			isa = XCConfigurationList;
			buildConfigurations = (
				45F54A8E1E1F8FAB00C5D36F /* Debug */,
				45F54A8F1E1F8FAB00C5D36F /* Release */,
			);
			defaultConfigurationIsVisible = 0;
			defaultConfigurationName = Release;
		};
		45F54A901E1F8FAB00C5D36F /* Build configuration list for PBXNativeTarget "1. Hello World" */ = {
			isa = XCConfigurationList;
			buildConfigurations = (
				45F54A911E1F8FAB00C5D36F /* Debug */,
				45F54A921E1F8FAB00C5D36F /* Release */,
			);
			defaultConfigurationIsVisible = 0;
		};
/* End XCConfigurationList section */

/* Begin XCVersionGroup section */
		45F54A851E1F8FAB00C5D36F /* ___Hello_World.xcdatamodeld */ = {
			isa = XCVersionGroup;
			children = (
				45F54A861E1F8FAB00C5D36F /* ___Hello_World.xcdatamodel */,
			);
			currentVersion = 45F54A861E1F8FAB00C5D36F /* ___Hello_World.xcdatamodel */;
			path = "___Hello_World.xcdatamodeld";
			sourceTree = "<group>";
			versionGroupType = wrapper.xcdatamodel;
		};
/* End XCVersionGroup section */
	};
	rootObject = 45F54A731E1F8FAB00C5D36F /* Project object */;
}
